[[package]]
name = "argparse"
version = "1.4.0"
description = "Python command-line parsing library"
category = "main"
optional = false
python-versions = "*"

[metadata]
lock-version = "1.1"
python-versions = "^3.10"
content-hash = "7858c2dfdadf2c23663f49a23fffbd4cfd93faaeebe6e495f313177feb2e3a07"

[metadata.files]
argparse = []
